
Microsoft Visual Studio Solution File, Format Version 12.00
# Visual Studio Version 17
VisualStudioVersion = 17.8.34511.84
MinimumVisualStudioVersion = 10.0.40219.1
Project("{FAE04EC0-301F-11D3-BF4B-00C04F79EFBC}") = "QUAN_LI_QUAN_CAPHE", "QUAN_LI_QUAN_CAPHE\QUAN_LI_QUAN_CAPHE.csproj", "{8875D5F4-E192-476E-86B1-63BC44982177}"
EndProject
Global
	GlobalSection(SolutionConfigurationPlatforms) = preSolution
		Debug|Any CPU = Debug|Any CPU
		Release|Any CPU = Release|Any CPU
	EndGlobalSection
	GlobalSection(ProjectConfigurationPlatforms) = postSolution
		{8875D5F4-E192-476E-86B1-63BC44982177}.Debug|Any CPU.ActiveCfg = Debug|Any CPU
		{8875D5F4-E192-476E-86B1-63BC44982177}.Debug|Any CPU.Build.0 = Debug|Any CPU
		{8875D5F4-E192-476E-86B1-63BC44982177}.Release|Any CPU.ActiveCfg = Release|Any CPU
		{8875D5F4-E192-476E-86B1-63BC44982177}.Release|Any CPU.Build.0 = Release|Any CPU
	EndGlobalSection
	GlobalSection(SolutionProperties) = preSolution
		HideSolutionNode = FALSE
	EndGlobalSection
	GlobalSection(ExtensibilityGlobals) = postSolution
		SolutionGuid = {8AFE91C4-5190-42DA-BF22-BE86C697B0A9}
	EndGlobalSection
EndGlobal
